
Microsoft Visual Studio Solution File, Format Version 12.00
Project("{FAE04EC0-301F-11D3-BF4B-00C04F79EFBC}") = "NuevoCreditoAPI", "NuevoCreditoAPI.csproj", "{D4704218-302B-4643-B8AA-DB4113BEF134}"
EndProject
Global
	GlobalSection(SolutionConfigurationPlatforms) = preSolution
		Debug|Any CPU = Debug|Any CPU
		Release|Any CPU = Release|Any CPU
	EndGlobalSection
	GlobalSection(ProjectConfigurationPlatforms) = postSolution
		{D4704218-302B-4643-B8AA-DB4113BEF134}.Debug|Any CPU.ActiveCfg = Debug|Any CPU
		{D4704218-302B-4643-B8AA-DB4113BEF134}.Debug|Any CPU.Build.0 = Debug|Any CPU
		{D4704218-302B-4643-B8AA-DB4113BEF134}.Release|Any CPU.ActiveCfg = Release|Any CPU
		{D4704218-302B-4643-B8AA-DB4113BEF134}.Release|Any CPU.Build.0 = Release|Any CPU
	EndGlobalSection
EndGlobal
